// !$*UTF8*$!
{
	archiveVersion = 1;
	classes = {
	};
	objectVersion = 55;
	objects = {

/* Begin PBXBuildFile section */
		DE51472627552D9A00215EF5 /* To_Do_ListTests.swift in Sources */ = {isa = PBXBuildFile; fileRef = DE51472527552D9A00215EF5 /* To_Do_ListTests.swift */; };
		DE5474BD2728BB2F00BC7731 /* SearchBar.swift in Sources */ = {isa = PBXBuildFile; fileRef = DE5474BC2728BB2F00BC7731 /* SearchBar.swift */; };
		DE86A862271F5F3800827B6D /* Item.swift in Sources */ = {isa = PBXBuildFile; fileRef = DE86A861271F5F3800827B6D /* Item.swift */; };
		DE88C4B82724976200ED88A2 /* CoreDataPersistence.swift in Sources */ = {isa = PBXBuildFile; fileRef = DE88C4B72724976200ED88A2 /* CoreDataPersistence.swift */; };
		DE88C4BA272497EF00ED88A2 /* UserDefaultsPersistence.swift in Sources */ = {isa = PBXBuildFile; fileRef = DE88C4B9272497EF00ED88A2 /* UserDefaultsPersistence.swift */; };
		DE91C5462715D26C0070A433 /* AppDelegate.swift in Sources */ = {isa = PBXBuildFile; fileRef = DE91C5452715D26C0070A433 /* AppDelegate.swift */; };
		DE91C5482715D26C0070A433 /* SceneDelegate.swift in Sources */ = {isa = PBXBuildFile; fileRef = DE91C5472715D26C0070A433 /* SceneDelegate.swift */; };
		DE91C54A2715D26C0070A433 /* TodoViewController.swift in Sources */ = {isa = PBXBuildFile; fileRef = DE91C5492715D26C0070A433 /* TodoViewController.swift */; };
		DE91C5502715D26C0070A433 /* To_Do_List.xcdatamodeld in Sources */ = {isa = PBXBuildFile; fileRef = DE91C54E2715D26C0070A433 /* To_Do_List.xcdatamodeld */; };
		DE91C5522715D26F0070A433 /* Assets.xcassets in Resources */ = {isa = PBXBuildFile; fileRef = DE91C5512715D26F0070A433 /* Assets.xcassets */; };
		DE91C5552715D26F0070A433 /* LaunchScreen.storyboard in Resources */ = {isa = PBXBuildFile; fileRef = DE91C5532715D26F0070A433 /* LaunchScreen.storyboard */; };
		DE91C55E2715D3CF0070A433 /* TodoTableView.swift in Sources */ = {isa = PBXBuildFile; fileRef = DE91C55D2715D3CF0070A433 /* TodoTableView.swift */; };
		DE91C5622715D5B30070A433 /* ViewProtocol.swift in Sources */ = {isa = PBXBuildFile; fileRef = DE91C5612715D5B30070A433 /* ViewProtocol.swift */; };
		DE91C5642715DF690070A433 /* UIViewController+Extensions.swift in Sources */ = {isa = PBXBuildFile; fileRef = DE91C5632715DF690070A433 /* UIViewController+Extensions.swift */; };
		DE91C5662715EBF60070A433 /* TodoTableViewCell.swift in Sources */ = {isa = PBXBuildFile; fileRef = DE91C5652715EBF60070A433 /* TodoTableViewCell.swift */; };
		DE91C57227161E0F0070A433 /* UserDefaults+Keys.swift in Sources */ = {isa = PBXBuildFile; fileRef = DE91C57127161E0F0070A433 /* UserDefaults+Keys.swift */; };
/* End PBXBuildFile section */

/* Begin PBXContainerItemProxy section */
		DE51472727552D9A00215EF5 /* PBXContainerItemProxy */ = {
			isa = PBXContainerItemProxy;
			containerPortal = DE91C53A2715D26C0070A433 /* Project object */;
			proxyType = 1;
			remoteGlobalIDString = DE91C5412715D26C0070A433;
			remoteInfo = "To Do List";
		};
/* End PBXContainerItemProxy section */

/* Begin PBXFileReference section */
		DE51472327552D9900215EF5 /* To Do ListTests.xctest */ = {isa = PBXFileReference; explicitFileType = wrapper.cfbundle; includeInIndex = 0; path = "To Do ListTests.xctest"; sourceTree = BUILT_PRODUCTS_DIR; };
		DE51472527552D9A00215EF5 /* To_Do_ListTests.swift */ = {isa = PBXFileReference; lastKnownFileType = sourcecode.swift; path = To_Do_ListTests.swift; sourceTree = "<group>"; };
		DE5474BC2728BB2F00BC7731 /* SearchBar.swift */ = {isa = PBXFileReference; fileEncoding = 4; lastKnownFileType = sourcecode.swift; path = SearchBar.swift; sourceTree = "<group>"; };
		DE86A861271F5F3800827B6D /* Item.swift */ = {isa = PBXFileReference; lastKnownFileType = sourcecode.swift; path = Item.swift; sourceTree = "<group>"; };
		DE88C4B72724976200ED88A2 /* CoreDataPersistence.swift */ = {isa = PBXFileReference; lastKnownFileType = sourcecode.swift; path = CoreDataPersistence.swift; sourceTree = "<group>"; };
		DE88C4B9272497EF00ED88A2 /* UserDefaultsPersistence.swift */ = {isa = PBXFileReference; lastKnownFileType = sourcecode.swift; path = UserDefaultsPersistence.swift; sourceTree = "<group>"; };
		DE91C5422715D26C0070A433 /* To Do List.app */ = {isa = PBXFileReference; explicitFileType = wrapper.application; includeInIndex = 0; path = "To Do List.app"; sourceTree = BUILT_PRODUCTS_DIR; };
		DE91C5452715D26C0070A433 /* AppDelegate.swift */ = {isa = PBXFileReference; lastKnownFileType = sourcecode.swift; path = AppDelegate.swift; sourceTree = "<group>"; };
		DE91C5472715D26C0070A433 /* SceneDelegate.swift */ = {isa = PBXFileReference; lastKnownFileType = sourcecode.swift; path = SceneDelegate.swift; sourceTree = "<group>"; };
		DE91C5492715D26C0070A433 /* TodoViewController.swift */ = {isa = PBXFileReference; lastKnownFileType = sourcecode.swift; path = TodoViewController.swift; sourceTree = "<group>"; };
		DE91C54F2715D26C0070A433 /* To_Do_List.xcdatamodel */ = {isa = PBXFileReference; lastKnownFileType = wrapper.xcdatamodel; path = To_Do_List.xcdatamodel; sourceTree = "<group>"; };
		DE91C5512715D26F0070A433 /* Assets.xcassets */ = {isa = PBXFileReference; lastKnownFileType = folder.assetcatalog; path = Assets.xcassets; sourceTree = "<group>"; };
		DE91C5542715D26F0070A433 /* Base */ = {isa = PBXFileReference; lastKnownFileType = file.storyboard; name = Base; path = Base.lproj/LaunchScreen.storyboard; sourceTree = "<group>"; };
		DE91C5562715D26F0070A433 /* Info.plist */ = {isa = PBXFileReference; lastKnownFileType = text.plist.xml; path = Info.plist; sourceTree = "<group>"; };
		DE91C55D2715D3CF0070A433 /* TodoTableView.swift */ = {isa = PBXFileReference; lastKnownFileType = sourcecode.swift; path = TodoTableView.swift; sourceTree = "<group>"; };
		DE91C5612715D5B30070A433 /* ViewProtocol.swift */ = {isa = PBXFileReference; lastKnownFileType = sourcecode.swift; path = ViewProtocol.swift; sourceTree = "<group>"; };
		DE91C5632715DF690070A433 /* UIViewController+Extensions.swift */ = {isa = PBXFileReference; lastKnownFileType = sourcecode.swift; path = "UIViewController+Extensions.swift"; sourceTree = "<group>"; };
		DE91C5652715EBF60070A433 /* TodoTableViewCell.swift */ = {isa = PBXFileReference; lastKnownFileType = sourcecode.swift; path = TodoTableViewCell.swift; sourceTree = "<group>"; };
		DE91C57127161E0F0070A433 /* UserDefaults+Keys.swift */ = {isa = PBXFileReference; lastKnownFileType = sourcecode.swift; path = "UserDefaults+Keys.swift"; sourceTree = "<group>"; };
/* End PBXFileReference section */

/* Begin PBXFrameworksBuildPhase section */
		DE51472027552D9900215EF5 /* Frameworks */ = {
			isa = PBXFrameworksBuildPhase;
			buildActionMask = 2147483647;
			files = (
			);
			runOnlyForDeploymentPostprocessing = 0;
		};
		DE91C53F2715D26C0070A433 /* Frameworks */ = {
			isa = PBXFrameworksBuildPhase;
			buildActionMask = 2147483647;
			files = (
			);
			runOnlyForDeploymentPostprocessing = 0;
		};
/* End PBXFrameworksBuildPhase section */

/* Begin PBXGroup section */
		DE51472427552D9A00215EF5 /* To Do ListTests */ = {
			isa = PBXGroup;
			children = (
				DE51472527552D9A00215EF5 /* To_Do_ListTests.swift */,
			);
			path = "To Do ListTests";
			sourceTree = "<group>";
		};
		DE86A860271F5F2C00827B6D /* Data Model */ = {
			isa = PBXGroup;
			children = (
				DE86A861271F5F3800827B6D /* Item.swift */,
			);
			path = "Data Model";
			sourceTree = "<group>";
		};
		DE91C5392715D26C0070A433 = {
			isa = PBXGroup;
			children = (
				DE91C5442715D26C0070A433 /* To Do List */,
				DE51472427552D9A00215EF5 /* To Do ListTests */,
				DE91C5432715D26C0070A433 /* Products */,
			);
			sourceTree = "<group>";
		};
		DE91C5432715D26C0070A433 /* Products */ = {
			isa = PBXGroup;
			children = (
				DE91C5422715D26C0070A433 /* To Do List.app */,
				DE51472327552D9900215EF5 /* To Do ListTests.xctest */,
			);
			name = Products;
			sourceTree = "<group>";
		};
		DE91C5442715D26C0070A433 /* To Do List */ = {
			isa = PBXGroup;
			children = (
				DE86A860271F5F2C00827B6D /* Data Model */,
				DE91C57027161DE30070A433 /* Utils */,
				DE91C56D27161ADE0070A433 /* Persistence */,
				DE91C56C2716132E0070A433 /* ViewController */,
				DE91C55C2715D38D0070A433 /* View */,
				DE91C56A271610750070A433 /* Commons */,
				DE91C55F2715D5830070A433 /* AppDelegate */,
				DE91C54E2715D26C0070A433 /* To_Do_List.xcdatamodeld */,
				DE91C5562715D26F0070A433 /* Info.plist */,
			);
			path = "To Do List";
			sourceTree = "<group>";
		};
		DE91C55C2715D38D0070A433 /* View */ = {
			isa = PBXGroup;
			children = (
				DE91C55D2715D3CF0070A433 /* TodoTableView.swift */,
				DE5474BC2728BB2F00BC7731 /* SearchBar.swift */,
				DE91C5652715EBF60070A433 /* TodoTableViewCell.swift */,
			);
			path = View;
			sourceTree = "<group>";
		};
		DE91C55F2715D5830070A433 /* AppDelegate */ = {
			isa = PBXGroup;
			children = (
				DE91C5452715D26C0070A433 /* AppDelegate.swift */,
				DE91C5472715D26C0070A433 /* SceneDelegate.swift */,
			);
			path = AppDelegate;
			sourceTree = "<group>";
		};
		DE91C5602715D5A70070A433 /* Protocols */ = {
			isa = PBXGroup;
			children = (
				DE91C5612715D5B30070A433 /* ViewProtocol.swift */,
			);
			path = Protocols;
			sourceTree = "<group>";
		};
		DE91C56A271610750070A433 /* Commons */ = {
			isa = PBXGroup;
			children = (
				DE91C5512715D26F0070A433 /* Assets.xcassets */,
				DE91C5532715D26F0070A433 /* LaunchScreen.storyboard */,
			);
			path = Commons;
			sourceTree = "<group>";
		};
		DE91C56B271613010070A433 /* Extensions */ = {
			isa = PBXGroup;
			children = (
				DE91C5632715DF690070A433 /* UIViewController+Extensions.swift */,
				DE91C57127161E0F0070A433 /* UserDefaults+Keys.swift */,
			);
			path = Extensions;
			sourceTree = "<group>";
		};
		DE91C56C2716132E0070A433 /* ViewController */ = {
			isa = PBXGroup;
			children = (
				DE91C5492715D26C0070A433 /* TodoViewController.swift */,
			);
			path = ViewController;
			sourceTree = "<group>";
		};
		DE91C56D27161ADE0070A433 /* Persistence */ = {
			isa = PBXGroup;
			children = (
				DE88C4B72724976200ED88A2 /* CoreDataPersistence.swift */,
				DE88C4B9272497EF00ED88A2 /* UserDefaultsPersistence.swift */,
			);
			path = Persistence;
			sourceTree = "<group>";
		};
		DE91C57027161DE30070A433 /* Utils */ = {
			isa = PBXGroup;
			children = (
				DE91C56B271613010070A433 /* Extensions */,
				DE91C5602715D5A70070A433 /* Protocols */,
			);
			path = Utils;
			sourceTree = "<group>";
		};
/* End PBXGroup section */

/* Begin PBXNativeTarget section */
		DE51472227552D9900215EF5 /* To Do ListTests */ = {
			isa = PBXNativeTarget;
			buildConfigurationList = DE51472927552D9A00215EF5 /* Build configuration list for PBXNativeTarget "To Do ListTests" */;
			buildPhases = (
				DE51471F27552D9900215EF5 /* Sources */,
				DE51472027552D9900215EF5 /* Frameworks */,
				DE51472127552D9900215EF5 /* Resources */,
			);
			buildRules = (
			);
			dependencies = (
				DE51472827552D9A00215EF5 /* PBXTargetDependency */,
			);
			name = "To Do ListTests";
			productName = "To Do ListTests";
			productReference = DE51472327552D9900215EF5 /* To Do ListTests.xctest */;
			productType = "com.apple.product-type.bundle.unit-test";
		};
		DE91C5412715D26C0070A433 /* To Do List */ = {
			isa = PBXNativeTarget;
			buildConfigurationList = DE91C5592715D26F0070A433 /* Build configuration list for PBXNativeTarget "To Do List" */;
			buildPhases = (
				DE91C53E2715D26C0070A433 /* Sources */,
				DE91C53F2715D26C0070A433 /* Frameworks */,
				DE91C5402715D26C0070A433 /* Resources */,
			);
			buildRules = (
			);
			dependencies = (
			);
			name = "To Do List";
			productName = "To Do List";
			productReference = DE91C5422715D26C0070A433 /* To Do List.app */;
			productType = "com.apple.product-type.application";
		};
/* End PBXNativeTarget section */

/* Begin PBXProject section */
		DE91C53A2715D26C0070A433 /* Project object */ = {
			isa = PBXProject;
			attributes = {
				BuildIndependentTargetsInParallel = 1;
				LastSwiftUpdateCheck = 1300;
				LastUpgradeCheck = 1300;
				TargetAttributes = {
					DE51472227552D9900215EF5 = {
						CreatedOnToolsVersion = 13.0;
						TestTargetID = DE91C5412715D26C0070A433;
					};
					DE91C5412715D26C0070A433 = {
						CreatedOnToolsVersion = 13.0;
					};
				};
			};
			buildConfigurationList = DE91C53D2715D26C0070A433 /* Build configuration list for PBXProject "To Do List" */;
			compatibilityVersion = "Xcode 13.0";
			developmentRegion = en;
			hasScannedForEncodings = 0;
			knownRegions = (
				en,
				Base,
			);
			mainGroup = DE91C5392715D26C0070A433;
			productRefGroup = DE91C5432715D26C0070A433 /* Products */;
			projectDirPath = "";
			projectRoot = "";
			targets = (
				DE91C5412715D26C0070A433 /* To Do List */,
				DE51472227552D9900215EF5 /* To Do ListTests */,
			);
		};
/* End PBXProject section */

/* Begin PBXResourcesBuildPhase section */
		DE51472127552D9900215EF5 /* Resources */ = {
			isa = PBXResourcesBuildPhase;
			buildActionMask = 2147483647;
			files = (
			);
			runOnlyForDeploymentPostprocessing = 0;
		};
		DE91C5402715D26C0070A433 /* Resources */ = {
			isa = PBXResourcesBuildPhase;
			buildActionMask = 2147483647;
			files = (
				DE91C5552715D26F0070A433 /* LaunchScreen.storyboard in Resources */,
				DE91C5522715D26F0070A433 /* Assets.xcassets in Resources */,
			);
			runOnlyForDeploymentPostprocessing = 0;
		};
/* End PBXResourcesBuildPhase section */

/* Begin PBXSourcesBuildPhase section */
		DE51471F27552D9900215EF5 /* Sources */ = {
			isa = PBXSourcesBuildPhase;
			buildActionMask = 2147483647;
			files = (
				DE51472627552D9A00215EF5 /* To_Do_ListTests.swift in Sources */,
			);
			runOnlyForDeploymentPostprocessing = 0;
		};
		DE91C53E2715D26C0070A433 /* Sources */ = {
			isa = PBXSourcesBuildPhase;
			buildActionMask = 2147483647;
			files = (
				DE5474BD2728BB2F00BC7731 /* SearchBar.swift in Sources */,
				DE91C54A2715D26C0070A433 /* TodoViewController.swift in Sources */,
				DE88C4B82724976200ED88A2 /* CoreDataPersistence.swift in Sources */,
				DE91C5462715D26C0070A433 /* AppDelegate.swift in Sources */,
				DE91C55E2715D3CF0070A433 /* TodoTableView.swift in Sources */,
				DE88C4BA272497EF00ED88A2 /* UserDefaultsPersistence.swift in Sources */,
				DE91C5662715EBF60070A433 /* TodoTableViewCell.swift in Sources */,
				DE91C5482715D26C0070A433 /* SceneDelegate.swift in Sources */,
				DE86A862271F5F3800827B6D /* Item.swift in Sources */,
				DE91C5622715D5B30070A433 /* ViewProtocol.swift in Sources */,
				DE91C5502715D26C0070A433 /* To_Do_List.xcdatamodeld in Sources */,
				DE91C5642715DF690070A433 /* UIViewController+Extensions.swift in Sources */,
				DE91C57227161E0F0070A433 /* UserDefaults+Keys.swift in Sources */,
			);
			runOnlyForDeploymentPostprocessing = 0;
		};
/* End PBXSourcesBuildPhase section */

/* Begin PBXTargetDependency section */
		DE51472827552D9A00215EF5 /* PBXTargetDependency */ = {
			isa = PBXTargetDependency;
			target = DE91C5412715D26C0070A433 /* To Do List */;
			targetProxy = DE51472727552D9A00215EF5 /* PBXContainerItemProxy */;
		};
/* End PBXTargetDependency section */

/* Begin PBXVariantGroup section */
		DE91C5532715D26F0070A433 /* LaunchScreen.storyboard */ = {
			isa = PBXVariantGroup;
			children = (
				DE91C5542715D26F0070A433 /* Base */,
			);
			name = LaunchScreen.storyboard;
			sourceTree = "<group>";
		};
/* End PBXVariantGroup section */

/* Begin XCBuildConfiguration section */
		DE51472A27552D9A00215EF5 /* Debug */ = {
			isa = XCBuildConfiguration;
			buildSettings = {
				BUNDLE_LOADER = "$(TEST_HOST)";
				CODE_SIGN_STYLE = Automatic;
				CURRENT_PROJECT_VERSION = 1;
				DEVELOPMENT_TEAM = WKN62NB674;
				GENERATE_INFOPLIST_FILE = YES;
				IPHONEOS_DEPLOYMENT_TARGET = 15.0;
				LD_RUNPATH_SEARCH_PATHS = (
					"$(inherited)",
					"@executable_path/Frameworks",
					"@loader_path/Frameworks",
				);
				MARKETING_VERSION = 1.0;
				PRODUCT_BUNDLE_IDENTIFIER = "estudo.To-Do-ListTests";
				PRODUCT_NAME = "$(TARGET_NAME)";
				SWIFT_EMIT_LOC_STRINGS = NO;
				SWIFT_VERSION = 5.0;
				TARGETED_DEVICE_FAMILY = "1,2";
				TEST_HOST = "$(BUILT_PRODUCTS_DIR)/To Do List.app/To Do List";
			};
			name = Debug;
		};
		DE51472B27552D9A00215EF5 /* Release */ = {
			isa = XCBuildConfiguration;
			buildSettings = {
				BUNDLE_LOADER = "$(TEST_HOST)";
				CODE_SIGN_STYLE = Automatic;
				CURRENT_PROJECT_VERSION = 1;
				DEVELOPMENT_TEAM = WKN62NB674;
				GENERATE_INFOPLIST_FILE = YES;
				IPHONEOS_DEPLOYMENT_TARGET = 15.0;
				LD_RUNPATH_SEARCH_PATHS = (
					"$(inherited)",
					"@executable_path/Frameworks",
					"@loader_path/Frameworks",
				);
				MARKETING_VERSION = 1.0;
				PRODUCT_BUNDLE_IDENTIFIER = "estudo.To-Do-ListTests";
				PRODUCT_NAME = "$(TARGET_NAME)";
				SWIFT_EMIT_LOC_STRINGS = NO;
				SWIFT_VERSION = 5.0;
				TARGETED_DEVICE_FAMILY = "1,2";
				TEST_HOST = "$(BUILT_PRODUCTS_DIR)/To Do List.app/To Do List";
			};
			name = Release;
		};
		DE91C5572715D26F0070A433 /* Debug */ = {
			isa = XCBuildConfiguration;
			buildSettings = {
				ALWAYS_SEARCH_USER_PATHS = NO;
				CLANG_ANALYZER_NONNULL = YES;
				CLANG_ANALYZER_NUMBER_OBJECT_CONVERSION = YES_AGGRESSIVE;
				CLANG_CXX_LANGUAGE_STANDARD = "gnu++17";
				CLANG_CXX_LIBRARY = "libc++";
				CLANG_ENABLE_MODULES = YES;
				CLANG_ENABLE_OBJC_ARC = YES;
				CLANG_ENABLE_OBJC_WEAK = YES;
				CLANG_WARN_BLOCK_CAPTURE_AUTORELEASING = YES;
				CLANG_WARN_BOOL_CONVERSION = YES;
				CLANG_WARN_COMMA = YES;
				CLANG_WARN_CONSTANT_CONVERSION = YES;
				CLANG_WARN_DEPRECATED_OBJC_IMPLEMENTATIONS = YES;
				CLANG_WARN_DIRECT_OBJC_ISA_USAGE = YES_ERROR;
				CLANG_WARN_DOCUMENTATION_COMMENTS = YES;
				CLANG_WARN_EMPTY_BODY = YES;
				CLANG_WARN_ENUM_CONVERSION = YES;
				CLANG_WARN_INFINITE_RECURSION = YES;
				CLANG_WARN_INT_CONVERSION = YES;
				CLANG_WARN_NON_LITERAL_NULL_CONVERSION = YES;
				CLANG_WARN_OBJC_IMPLICIT_RETAIN_SELF = YES;
				CLANG_WARN_OBJC_LITERAL_CONVERSION = YES;
				CLANG_WARN_OBJC_ROOT_CLASS = YES_ERROR;
				CLANG_WARN_QUOTED_INCLUDE_IN_FRAMEWORK_HEADER = YES;
				CLANG_WARN_RANGE_LOOP_ANALYSIS = YES;
				CLANG_WARN_STRICT_PROTOTYPES = YES;
				CLANG_WARN_SUSPICIOUS_MOVE = YES;
				CLANG_WARN_UNGUARDED_AVAILABILITY = YES_AGGRESSIVE;
				CLANG_WARN_UNREACHABLE_CODE = YES;
				CLANG_WARN__DUPLICATE_METHOD_MATCH = YES;
				COPY_PHASE_STRIP = NO;
				DEBUG_INFORMATION_FORMAT = dwarf;
				ENABLE_STRICT_OBJC_MSGSEND = YES;
				ENABLE_TESTABILITY = YES;
				GCC_C_LANGUAGE_STANDARD = gnu11;
				GCC_DYNAMIC_NO_PIC = NO;
				GCC_NO_COMMON_BLOCKS = YES;
				GCC_OPTIMIZATION_LEVEL = 0;
				GCC_PREPROCESSOR_DEFINITIONS = (
					"DEBUG=1",
					"$(inherited)",
				);
				GCC_WARN_64_TO_32_BIT_CONVERSION = YES;
				GCC_WARN_ABOUT_RETURN_TYPE = YES_ERROR;
				GCC_WARN_UNDECLARED_SELECTOR = YES;
				GCC_WARN_UNINITIALIZED_AUTOS = YES_AGGRESSIVE;
				GCC_WARN_UNUSED_FUNCTION = YES;
				GCC_WARN_UNUSED_VARIABLE = YES;
				IPHONEOS_DEPLOYMENT_TARGET = 13.0;
				MTL_ENABLE_DEBUG_INFO = INCLUDE_SOURCE;
				MTL_FAST_MATH = YES;
				ONLY_ACTIVE_ARCH = YES;
				SDKROOT = iphoneos;
				SWIFT_ACTIVE_COMPILATION_CONDITIONS = DEBUG;
				SWIFT_OPTIMIZATION_LEVEL = "-Onone";
			};
			name = Debug;
		};
		DE91C5582715D26F0070A433 /* Release */ = {
			isa = XCBuildConfiguration;
			buildSettings = {
				ALWAYS_SEARCH_USER_PATHS = NO;
				CLANG_ANALYZER_NONNULL = YES;
				CLANG_ANALYZER_NUMBER_OBJECT_CONVERSION = YES_AGGRESSIVE;
				CLANG_CXX_LANGUAGE_STANDARD = "gnu++17";
				CLANG_CXX_LIBRARY = "libc++";
				CLANG_ENABLE_MODULES = YES;
				CLANG_ENABLE_OBJC_ARC = YES;
				CLANG_ENABLE_OBJC_WEAK = YES;
				CLANG_WARN_BLOCK_CAPTURE_AUTORELEASING = YES;
				CLANG_WARN_BOOL_CONVERSION = YES;
				CLANG_WARN_COMMA = YES;
				CLANG_WARN_CONSTANT_CONVERSION = YES;
				CLANG_WARN_DEPRECATED_OBJC_IMPLEMENTATIONS = YES;
				CLANG_WARN_DIRECT_OBJC_ISA_USAGE = YES_ERROR;
				CLANG_WARN_DOCUMENTATION_COMMENTS = YES;
				CLANG_WARN_EMPTY_BODY = YES;
				CLANG_WARN_ENUM_CONVERSION = YES;
				CLANG_WARN_INFINITE_RECURSION = YES;
				CLANG_WARN_INT_CONVERSION = YES;
				CLANG_WARN_NON_LITERAL_NULL_CONVERSION = YES;
				CLANG_WARN_OBJC_IMPLICIT_RETAIN_SELF = YES;
				CLANG_WARN_OBJC_LITERAL_CONVERSION = YES;
				CLANG_WARN_OBJC_ROOT_CLASS = YES_ERROR;
				CLANG_WARN_QUOTED_INCLUDE_IN_FRAMEWORK_HEADER = YES;
				CLANG_WARN_RANGE_LOOP_ANALYSIS = YES;
				CLANG_WARN_STRICT_PROTOTYPES = YES;
				CLANG_WARN_SUSPICIOUS_MOVE = YES;
				CLANG_WARN_UNGUARDED_AVAILABILITY = YES_AGGRESSIVE;
				CLANG_WARN_UNREACHABLE_CODE = YES;
				CLANG_WARN__DUPLICATE_METHOD_MATCH = YES;
				COPY_PHASE_STRIP = NO;
				DEBUG_INFORMATION_FORMAT = "dwarf-with-dsym";
				ENABLE_NS_ASSERTIONS = NO;
				ENABLE_STRICT_OBJC_MSGSEND = YES;
				GCC_C_LANGUAGE_STANDARD = gnu11;
				GCC_NO_COMMON_BLOCKS = YES;
				GCC_WARN_64_TO_32_BIT_CONVERSION = YES;
				GCC_WARN_ABOUT_RETURN_TYPE = YES_ERROR;
				GCC_WARN_UNDECLARED_SELECTOR = YES;
				GCC_WARN_UNINITIALIZED_AUTOS = YES_AGGRESSIVE;
				GCC_WARN_UNUSED_FUNCTION = YES;
				GCC_WARN_UNUSED_VARIABLE = YES;
				IPHONEOS_DEPLOYMENT_TARGET = 13.0;
				MTL_ENABLE_DEBUG_INFO = NO;
				MTL_FAST_MATH = YES;
				SDKROOT = iphoneos;
				SWIFT_COMPILATION_MODE = wholemodule;
				SWIFT_OPTIMIZATION_LEVEL = "-O";
				VALIDATE_PRODUCT = YES;
			};
			name = Release;
		};
		DE91C55A2715D26F0070A433 /* Debug */ = {
			isa = XCBuildConfiguration;
			buildSettings = {
				ASSETCATALOG_COMPILER_APPICON_NAME = AppIcon;
				ASSETCATALOG_COMPILER_GLOBAL_ACCENT_COLOR_NAME = AccentColor;
				CODE_SIGN_IDENTITY = "Apple Development";
				CODE_SIGN_STYLE = Automatic;
				CURRENT_PROJECT_VERSION = 1;
				DEVELOPMENT_TEAM = WKN62NB674;
				GENERATE_INFOPLIST_FILE = YES;
				INFOPLIST_FILE = "To Do List/Info.plist";
				INFOPLIST_KEY_UIApplicationSupportsIndirectInputEvents = YES;
				INFOPLIST_KEY_UILaunchStoryboardName = LaunchScreen;
				INFOPLIST_KEY_UISupportedInterfaceOrientations_iPad = "UIInterfaceOrientationPortrait UIInterfaceOrientationPortraitUpsideDown UIInterfaceOrientationLandscapeLeft UIInterfaceOrientationLandscapeRight";
				INFOPLIST_KEY_UISupportedInterfaceOrientations_iPhone = "UIInterfaceOrientationPortrait UIInterfaceOrientationLandscapeLeft UIInterfaceOrientationLandscapeRight";
				IPHONEOS_DEPLOYMENT_TARGET = 13.0;
				LD_RUNPATH_SEARCH_PATHS = (
					"$(inherited)",
					"@executable_path/Frameworks",
				);
				MARKETING_VERSION = 1.0;
				PRODUCT_BUNDLE_IDENTIFIER = "pessoal.To-Do-List";
				PRODUCT_NAME = "$(TARGET_NAME)";
				PROVISIONING_PROFILE_SPECIFIER = "";
				SWIFT_EMIT_LOC_STRINGS = YES;
				SWIFT_VERSION = 5.0;
				TARGETED_DEVICE_FAMILY = 1;
			};
			name = Debug;
		};
		DE91C55B2715D26F0070A433 /* Release */ = {
			isa = XCBuildConfiguration;
			buildSettings = {
				ASSETCATALOG_COMPILER_APPICON_NAME = AppIcon;
				ASSETCATALOG_COMPILER_GLOBAL_ACCENT_COLOR_NAME = AccentColor;
				CODE_SIGN_IDENTITY = "Apple Development";
				CODE_SIGN_STYLE = Automatic;
				CURRENT_PROJECT_VERSION = 1;
				DEVELOPMENT_TEAM = WKN62NB674;
				GENERATE_INFOPLIST_FILE = YES;
				INFOPLIST_FILE = "To Do List/Info.plist";
				INFOPLIST_KEY_UIApplicationSupportsIndirectInputEvents = YES;
				INFOPLIST_KEY_UILaunchStoryboardName = LaunchScreen;
				INFOPLIST_KEY_UISupportedInterfaceOrientations_iPad = "UIInterfaceOrientationPortrait UIInterfaceOrientationPortraitUpsideDown UIInterfaceOrientationLandscapeLeft UIInterfaceOrientationLandscapeRight";
				INFOPLIST_KEY_UISupportedInterfaceOrientations_iPhone = "UIInterfaceOrientationPortrait UIInterfaceOrientationLandscapeLeft UIInterfaceOrientationLandscapeRight";
				IPHONEOS_DEPLOYMENT_TARGET = 13.0;
				LD_RUNPATH_SEARCH_PATHS = (
					"$(inherited)",
					"@executable_path/Frameworks",
				);
				MARKETING_VERSION = 1.0;
				PRODUCT_BUNDLE_IDENTIFIER = "pessoal.To-Do-List";
				PRODUCT_NAME = "$(TARGET_NAME)";
				PROVISIONING_PROFILE_SPECIFIER = "";
				SWIFT_EMIT_LOC_STRINGS = YES;
				SWIFT_VERSION = 5.0;
				TARGETED_DEVICE_FAMILY = 1;
			};
			name = Release;
		};
/* End XCBuildConfiguration section */

/* Begin XCConfigurationList section */
		DE51472927552D9A00215EF5 /* Build configuration list for PBXNativeTarget "To Do ListTests" */ = {
			isa = XCConfigurationList;
			buildConfigurations = (
				DE51472A27552D9A00215EF5 /* Debug */,
				DE51472B27552D9A00215EF5 /* Release */,
			);
			defaultConfigurationIsVisible = 0;
			defaultConfigurationName = Release;
		};
		DE91C53D2715D26C0070A433 /* Build configuration list for PBXProject "To Do List" */ = {
			isa = XCConfigurationList;
			buildConfigurations = (
				DE91C5572715D26F0070A433 /* Debug */,
				DE91C5582715D26F0070A433 /* Release */,
			);
			defaultConfigurationIsVisible = 0;
			defaultConfigurationName = Release;
		};
		DE91C5592715D26F0070A433 /* Build configuration list for PBXNativeTarget "To Do List" */ = {
			isa = XCConfigurationList;
			buildConfigurations = (
				DE91C55A2715D26F0070A433 /* Debug */,
				DE91C55B2715D26F0070A433 /* Release */,
			);
			defaultConfigurationIsVisible = 0;
			defaultConfigurationName = Release;
		};
/* End XCConfigurationList section */

/* Begin XCVersionGroup section */
		DE91C54E2715D26C0070A433 /* To_Do_List.xcdatamodeld */ = {
			isa = XCVersionGroup;
			children = (
				DE91C54F2715D26C0070A433 /* To_Do_List.xcdatamodel */,
			);
			currentVersion = DE91C54F2715D26C0070A433 /* To_Do_List.xcdatamodel */;
			path = To_Do_List.xcdatamodeld;
			sourceTree = "<group>";
			versionGroupType = wrapper.xcdatamodel;
		};
/* End XCVersionGroup section */
	};
	rootObject = DE91C53A2715D26C0070A433 /* Project object */;
}
